{
  "originHash" : "a453c3740c108a07ac03f64322c34a97906e3b71412d05df97c3c66636495733",
  "pins" : [
    {
      "identity" : "aptabase-swift",
      "kind" : "remoteSourceControl",
      "location" : "https://github.com/aptabase/aptabase-swift",
      "state" : {
        "revision" : "cfd67fac2a228d448d9d2ac92ffc71589cc3ef00",
        "version" : "0.3.11"
      }
    },
    {
      "identity" : "numpy-ios",
      "kind" : "remoteSourceControl",
      "location" : "https://github.com/kewlbear/NumPy-iOS.git",
      "state" : {
        "branch" : "main",
        "revision" : "4d0f25e59ca6b9746ae447d6bb682d12a54cff13"
      }
    },
    {
      "identity" : "python-ios",
      "kind" : "remoteSourceControl",
      "location" : "https://github.com/kewlbear/Python-iOS.git",
      "state" : {
        "revision" : "4f3ca2bc0cff1ef2511555eb6114f9eb12e50412",
        "version" : "0.1.1-b20230423-090254"
      }
    },
    {
      "identity" : "pythonkit",
      "kind" : "remoteSourceControl",
      "location" : "https://github.com/pvieito/PythonKit.git",
      "state" : {
        "branch" : "master",
        "revision" : "d5ba1b3b4834e8c47e0cdf0989f458bc59ab0b45"
      }
    },
    {
      "identity" : "swiftc",
      "kind" : "remoteSourceControl",
      "location" : "https://github.com/Slingshot-20240/swiftc",
      "state" : {
        "revision" : "728650a84cd690dc8360e8b3e42e637103d1ce64",
        "version" : "0.9.7"
      }
    }
  ],
  "version" : 3
}
