{
  "originHash" : "35211820755c4c20cabc537b12b8a80427858f8bdec55f56e63277dc2ccdd279",
  "pins" : [
    {
      "identity" : "aptabase-swift",
      "kind" : "remoteSourceControl",
      "location" : "https://github.com/aptabase/aptabase-swift",
      "state" : {
        "revision" : "cfd67fac2a228d448d9d2ac92ffc71589cc3ef00",
        "version" : "0.3.11"
      }
    },
    {
      "identity" : "numpy-ios",
      "kind" : "remoteSourceControl",
      "location" : "https://github.com/kewlbear/NumPy-iOS.git",
      "state" : {
        "branch" : "main",
        "revision" : "4d0f25e59ca6b9746ae447d6bb682d12a54cff13"
      }
    },
    {
      "identity" : "python-ios",
      "kind" : "remoteSourceControl",
      "location" : "https://github.com/kewlbear/Python-iOS.git",
      "state" : {
        "revision" : "4f3ca2bc0cff1ef2511555eb6114f9eb12e50412",
        "version" : "0.1.1-b20230423-090254"
      }
    },
    {
      "identity" : "pythonkit",
      "kind" : "remoteSourceControl",
      "location" : "https://github.com/pvieito/PythonKit.git",
      "state" : {
        "branch" : "master",
        "revision" : "6fee7617cfa910fbac7035276e295ba967adbbb4"
      }
    }
  ],
  "version" : 3
}
