// !$*UTF8*$!
{
	archiveVersion = 1;
	classes = {
	};
	objectVersion = 77;
	objects = {

/* Begin PBXBuildFile section */
		E40496512E75D5DC00280714 /* EndgamePracticeView.swift in Sources */ = {isa = PBXBuildFile; fileRef = E40496502E75D5DC00280714 /* EndgamePracticeView.swift */; };
		E40496532E75D5E300280714 /* DriverPracticeView.swift in Sources */ = {isa = PBXBuildFile; fileRef = E40496522E75D5E300280714 /* DriverPracticeView.swift */; };
		E40496552E75D5EC00280714 /* AutoTuningView.swift in Sources */ = {isa = PBXBuildFile; fileRef = E40496542E75D5EC00280714 /* AutoTuningView.swift */; };
		E40496572E75D60700280714 /* CalculatorView.swift in Sources */ = {isa = PBXBuildFile; fileRef = E40496562E75D60700280714 /* CalculatorView.swift */; };
		E41FE8F22E31C462004C69F6 /* TimerView.swift in Sources */ = {isa = PBXBuildFile; fileRef = E41FE8F12E31C462004C69F6 /* TimerView.swift */; };
		E4720D3A2E6E50F4009B2D7C /* teams.json in Resources */ = {isa = PBXBuildFile; fileRef = E4720D392E6E50F4009B2D7C /* teams.json */; };
		E4720D3C2E6E54A7009B2D7C /* HistoryView.swift in Sources */ = {isa = PBXBuildFile; fileRef = E4720D3B2E6E54A7009B2D7C /* HistoryView.swift */; };
		E47E3CE52E6E96BE00342BFB /* GameScoreView.swift in Sources */ = {isa = PBXBuildFile; fileRef = E47E3CE42E6E96BE00342BFB /* GameScoreView.swift */; };
		E47E3CE72E6E98BE00342BFB /* SwiFTC in Frameworks */ = {isa = PBXBuildFile; productRef = E47E3CE62E6E98BE00342BFB /* SwiFTC */; };
		E493CEAB2E714F7E009EFD9E /* Env.swift in Sources */ = {isa = PBXBuildFile; fileRef = E493CEAA2E714F7E009EFD9E /* Env.swift */; };
		E493CEAE2E7159A9009EFD9E /* SettingsView.swift in Sources */ = {isa = PBXBuildFile; fileRef = E493CEAD2E7159A6009EFD9E /* SettingsView.swift */; };
		E4D25B0D2E902762000B5B11 /* Kickoff.swift in Sources */ = {isa = PBXBuildFile; fileRef = E4D25B0C2E902760000B5B11 /* Kickoff.swift */; };
		E4D25B0F2E902F1D000B5B11 /* EventSheet.swift in Sources */ = {isa = PBXBuildFile; fileRef = E4D25B0E2E902F18000B5B11 /* EventSheet.swift */; };
		E4DD88942DB5512A009E5758 /* ContentView.swift in Sources */ = {isa = PBXBuildFile; fileRef = E4DD88902DB5512A009E5758 /* ContentView.swift */; };
		E4DD88952DB5512A009E5758 /* DECODEApp.swift in Sources */ = {isa = PBXBuildFile; fileRef = E4DD88912DB5512A009E5758 /* DECODEApp.swift */; };
		E4DD88972DB5512A009E5758 /* Assets.xcassets in Resources */ = {isa = PBXBuildFile; fileRef = E4DD888F2DB5512A009E5758 /* Assets.xcassets */; };
		E4DD88A72DB554A9009E5758 /* NumPy-iOS in Frameworks */ = {isa = PBXBuildFile; productRef = E4DD88A62DB554A9009E5758 /* NumPy-iOS */; };
		E4DD88A92DB554A9009E5758 /* PythonKit in Frameworks */ = {isa = PBXBuildFile; productRef = E4DD88A82DB554A9009E5758 /* PythonKit */; };
		E4DD88AB2DB554A9009E5758 /* Aptabase in Frameworks */ = {isa = PBXBuildFile; productRef = E4DD88AA2DB554A9009E5758 /* Aptabase */; };
/* End PBXBuildFile section */

/* Begin PBXFileReference section */
		E40496502E75D5DC00280714 /* EndgamePracticeView.swift */ = {isa = PBXFileReference; lastKnownFileType = sourcecode.swift; path = EndgamePracticeView.swift; sourceTree = "<group>"; };
		E40496522E75D5E300280714 /* DriverPracticeView.swift */ = {isa = PBXFileReference; lastKnownFileType = sourcecode.swift; path = DriverPracticeView.swift; sourceTree = "<group>"; };
		E40496542E75D5EC00280714 /* AutoTuningView.swift */ = {isa = PBXFileReference; lastKnownFileType = sourcecode.swift; path = AutoTuningView.swift; sourceTree = "<group>"; };
		E40496562E75D60700280714 /* CalculatorView.swift */ = {isa = PBXFileReference; lastKnownFileType = sourcecode.swift; path = CalculatorView.swift; sourceTree = "<group>"; };
		E41FE8F12E31C462004C69F6 /* TimerView.swift */ = {isa = PBXFileReference; lastKnownFileType = sourcecode.swift; path = TimerView.swift; sourceTree = "<group>"; };
		E42224DC2DB56E9B0014F0E9 /* DECODE.entitlements */ = {isa = PBXFileReference; lastKnownFileType = text.plist.entitlements; path = DECODE.entitlements; sourceTree = "<group>"; };
		E4720D392E6E50F4009B2D7C /* teams.json */ = {isa = PBXFileReference; lastKnownFileType = text.json; path = teams.json; sourceTree = "<group>"; };
		E4720D3B2E6E54A7009B2D7C /* HistoryView.swift */ = {isa = PBXFileReference; lastKnownFileType = sourcecode.swift; path = HistoryView.swift; sourceTree = "<group>"; };
		E47E3CE42E6E96BE00342BFB /* GameScoreView.swift */ = {isa = PBXFileReference; lastKnownFileType = sourcecode.swift; path = GameScoreView.swift; sourceTree = "<group>"; };
		E493CEAA2E714F7E009EFD9E /* Env.swift */ = {isa = PBXFileReference; lastKnownFileType = sourcecode.swift; path = Env.swift; sourceTree = "<group>"; };
		E493CEAD2E7159A6009EFD9E /* SettingsView.swift */ = {isa = PBXFileReference; lastKnownFileType = sourcecode.swift; path = SettingsView.swift; sourceTree = "<group>"; };
		E4950D4A2DB556A800D0B123 /* Config.xcconfig */ = {isa = PBXFileReference; lastKnownFileType = text.xcconfig; path = Config.xcconfig; sourceTree = "<group>"; };
		E4D25B0C2E902760000B5B11 /* Kickoff.swift */ = {isa = PBXFileReference; lastKnownFileType = sourcecode.swift; path = Kickoff.swift; sourceTree = "<group>"; };
		E4D25B0E2E902F18000B5B11 /* EventSheet.swift */ = {isa = PBXFileReference; lastKnownFileType = sourcecode.swift; path = EventSheet.swift; sourceTree = "<group>"; };
		E4DD88632DB55123009E5758 /* DECODE.app */ = {isa = PBXFileReference; explicitFileType = wrapper.application; includeInIndex = 0; path = DECODE.app; sourceTree = BUILT_PRODUCTS_DIR; };
		E4DD888F2DB5512A009E5758 /* Assets.xcassets */ = {isa = PBXFileReference; lastKnownFileType = folder.assetcatalog; path = Assets.xcassets; sourceTree = "<group>"; };
		E4DD88902DB5512A009E5758 /* ContentView.swift */ = {isa = PBXFileReference; lastKnownFileType = sourcecode.swift; path = ContentView.swift; sourceTree = "<group>"; };
		E4DD88912DB5512A009E5758 /* DECODEApp.swift */ = {isa = PBXFileReference; lastKnownFileType = sourcecode.swift; path = DECODEApp.swift; sourceTree = "<group>"; };
		E4DD88A02DB551B1009E5758 /* Info.plist */ = {isa = PBXFileReference; lastKnownFileType = text.plist.xml; path = Info.plist; sourceTree = "<group>"; };
/* End PBXFileReference section */

/* Begin PBXFileSystemSynchronizedRootGroup section */
		E44333132E2EF7E2009019CD /* View */ = {
			isa = PBXFileSystemSynchronizedRootGroup;
			path = View;
			sourceTree = "<group>";
		};
		E443331D2E2EF7EA009019CD /* Misc */ = {
			isa = PBXFileSystemSynchronizedRootGroup;
			path = Misc;
			sourceTree = "<group>";
		};
		E493CEAC2E71598C009EFD9E /* Secondary */ = {
			isa = PBXFileSystemSynchronizedRootGroup;
			path = Secondary;
			sourceTree = "<group>";
		};
/* End PBXFileSystemSynchronizedRootGroup section */

/* Begin PBXFrameworksBuildPhase section */
		E4DD88602DB55123009E5758 /* Frameworks */ = {
			isa = PBXFrameworksBuildPhase;
			buildActionMask = 2147483647;
			files = (
				E4DD88A72DB554A9009E5758 /* NumPy-iOS in Frameworks */,
				E4DD88A92DB554A9009E5758 /* PythonKit in Frameworks */,
				E47E3CE72E6E98BE00342BFB /* SwiFTC in Frameworks */,
				E4DD88AB2DB554A9009E5758 /* Aptabase in Frameworks */,
			);
			runOnlyForDeploymentPostprocessing = 0;
		};
/* End PBXFrameworksBuildPhase section */

/* Begin PBXGroup section */
		E42224DD2DB57B270014F0E9 /* Helpers */ = {
			isa = PBXGroup;
			children = (
				E44333132E2EF7E2009019CD /* View */,
				E443331D2E2EF7EA009019CD /* Misc */,
			);
			path = Helpers;
			sourceTree = "<group>";
		};
		E4D25B0B2E902757000B5B11 /* Events */ = {
			isa = PBXGroup;
			children = (
				E4D25B0E2E902F18000B5B11 /* EventSheet.swift */,
				E4D25B0C2E902760000B5B11 /* Kickoff.swift */,
			);
			path = Events;
			sourceTree = "<group>";
		};
		E4DD885A2DB55123009E5758 = {
			isa = PBXGroup;
			children = (
				E4950D4A2DB556A800D0B123 /* Config.xcconfig */,
				E493CEAA2E714F7E009EFD9E /* Env.swift */,
				E4DD88932DB5512A009E5758 /* DECODE */,
				E4DD88A52DB554A9009E5758 /* Frameworks */,
				E4DD88642DB55123009E5758 /* Products */,
			);
			sourceTree = "<group>";
		};
		E4DD88642DB55123009E5758 /* Products */ = {
			isa = PBXGroup;
			children = (
				E4DD88632DB55123009E5758 /* DECODE.app */,
			);
			name = Products;
			sourceTree = "<group>";
		};
		E4DD88932DB5512A009E5758 /* DECODE */ = {
			isa = PBXGroup;
			children = (
				E4DD88912DB5512A009E5758 /* DECODEApp.swift */,
				E4DD88902DB5512A009E5758 /* ContentView.swift */,
				E47E3CE42E6E96BE00342BFB /* GameScoreView.swift */,
				E40496542E75D5EC00280714 /* AutoTuningView.swift */,
				E40496522E75D5E300280714 /* DriverPracticeView.swift */,
				E40496502E75D5DC00280714 /* EndgamePracticeView.swift */,
				E4720D3B2E6E54A7009B2D7C /* HistoryView.swift */,
				E41FE8F12E31C462004C69F6 /* TimerView.swift */,
				E40496562E75D60700280714 /* CalculatorView.swift */,
				E493CEAD2E7159A6009EFD9E /* SettingsView.swift */,
				E493CEAC2E71598C009EFD9E /* Secondary */,
				E4D25B0B2E902757000B5B11 /* Events */,
				E42224DD2DB57B270014F0E9 /* Helpers */,
				E4720D392E6E50F4009B2D7C /* teams.json */,
				E4DD888F2DB5512A009E5758 /* Assets.xcassets */,
				E4DD88A02DB551B1009E5758 /* Info.plist */,
				E42224DC2DB56E9B0014F0E9 /* DECODE.entitlements */,
			);
			path = DECODE;
			sourceTree = "<group>";
		};
		E4DD88A52DB554A9009E5758 /* Frameworks */ = {
			isa = PBXGroup;
			children = (
			);
			name = Frameworks;
			sourceTree = "<group>";
		};
/* End PBXGroup section */

/* Begin PBXNativeTarget section */
		E4DD88622DB55123009E5758 /* DECODE */ = {
			isa = PBXNativeTarget;
			buildConfigurationList = E4DD88862DB55124009E5758 /* Build configuration list for PBXNativeTarget "DECODE" */;
			buildPhases = (
				E4DD885F2DB55123009E5758 /* Sources */,
				E4DD88602DB55123009E5758 /* Frameworks */,
				E4DD88612DB55123009E5758 /* Resources */,
			);
			buildRules = (
			);
			dependencies = (
			);
			fileSystemSynchronizedGroups = (
				E44333132E2EF7E2009019CD /* View */,
				E443331D2E2EF7EA009019CD /* Misc */,
				E493CEAC2E71598C009EFD9E /* Secondary */,
			);
			name = DECODE;
			packageProductDependencies = (
				E4DD88A62DB554A9009E5758 /* NumPy-iOS */,
				E4DD88A82DB554A9009E5758 /* PythonKit */,
				E4DD88AA2DB554A9009E5758 /* Aptabase */,
				E47E3CE62E6E98BE00342BFB /* SwiFTC */,
			);
			productName = DECODE;
			productReference = E4DD88632DB55123009E5758 /* DECODE.app */;
			productType = "com.apple.product-type.application";
		};
/* End PBXNativeTarget section */

/* Begin PBXProject section */
		E4DD885B2DB55123009E5758 /* Project object */ = {
			isa = PBXProject;
			attributes = {
				BuildIndependentTargetsInParallel = 1;
				LastSwiftUpdateCheck = 1630;
				LastUpgradeCheck = 2600;
				TargetAttributes = {
					E4DD88622DB55123009E5758 = {
						CreatedOnToolsVersion = 16.3;
					};
				};
			};
			buildConfigurationList = E4DD885E2DB55123009E5758 /* Build configuration list for PBXProject "DECODE" */;
			developmentRegion = en;
			hasScannedForEncodings = 0;
			knownRegions = (
				en,
				Base,
			);
			mainGroup = E4DD885A2DB55123009E5758;
			minimizedProjectReferenceProxies = 1;
			packageReferences = (
				E4DD88A12DB5538F009E5758 /* XCRemoteSwiftPackageReference "NumPy-iOS" */,
				E4DD88A22DB553B7009E5758 /* XCRemoteSwiftPackageReference "PythonKit" */,
				E4DD88A32DB55463009E5758 /* XCRemoteSwiftPackageReference "aptabase-swift" */,
				E4F7126D2E6E961C00646E84 /* XCRemoteSwiftPackageReference "swiftc" */,
			);
			preferredProjectObjectVersion = 77;
			productRefGroup = E4DD88642DB55123009E5758 /* Products */;
			projectDirPath = "";
			projectRoot = "";
			targets = (
				E4DD88622DB55123009E5758 /* DECODE */,
			);
		};
/* End PBXProject section */

/* Begin PBXResourcesBuildPhase section */
		E4DD88612DB55123009E5758 /* Resources */ = {
			isa = PBXResourcesBuildPhase;
			buildActionMask = 2147483647;
			files = (
				E4720D3A2E6E50F4009B2D7C /* teams.json in Resources */,
				E4DD88972DB5512A009E5758 /* Assets.xcassets in Resources */,
			);
			runOnlyForDeploymentPostprocessing = 0;
		};
/* End PBXResourcesBuildPhase section */

/* Begin PBXSourcesBuildPhase section */
		E4DD885F2DB55123009E5758 /* Sources */ = {
			isa = PBXSourcesBuildPhase;
			buildActionMask = 2147483647;
			files = (
				E40496572E75D60700280714 /* CalculatorView.swift in Sources */,
				E47E3CE52E6E96BE00342BFB /* GameScoreView.swift in Sources */,
				E493CEAE2E7159A9009EFD9E /* SettingsView.swift in Sources */,
				E4D25B0D2E902762000B5B11 /* Kickoff.swift in Sources */,
				E40496552E75D5EC00280714 /* AutoTuningView.swift in Sources */,
				E4720D3C2E6E54A7009B2D7C /* HistoryView.swift in Sources */,
				E41FE8F22E31C462004C69F6 /* TimerView.swift in Sources */,
				E4DD88942DB5512A009E5758 /* ContentView.swift in Sources */,
				E4DD88952DB5512A009E5758 /* DECODEApp.swift in Sources */,
				E493CEAB2E714F7E009EFD9E /* Env.swift in Sources */,
				E40496532E75D5E300280714 /* DriverPracticeView.swift in Sources */,
				E4D25B0F2E902F1D000B5B11 /* EventSheet.swift in Sources */,
				E40496512E75D5DC00280714 /* EndgamePracticeView.swift in Sources */,
			);
			runOnlyForDeploymentPostprocessing = 0;
		};
/* End PBXSourcesBuildPhase section */

/* Begin XCBuildConfiguration section */
		E4DD88842DB55124009E5758 /* Debug */ = {
			isa = XCBuildConfiguration;
			baseConfigurationReference = E4950D4A2DB556A800D0B123 /* Config.xcconfig */;
			buildSettings = {
				ALWAYS_SEARCH_USER_PATHS = NO;
				ASSETCATALOG_COMPILER_GENERATE_SWIFT_ASSET_SYMBOL_EXTENSIONS = YES;
				CLANG_ANALYZER_NONNULL = YES;
				CLANG_ANALYZER_NUMBER_OBJECT_CONVERSION = YES_AGGRESSIVE;
				CLANG_CXX_LANGUAGE_STANDARD = "gnu++20";
				CLANG_ENABLE_MODULES = YES;
				CLANG_ENABLE_OBJC_ARC = YES;
				CLANG_ENABLE_OBJC_WEAK = YES;
				CLANG_WARN_BLOCK_CAPTURE_AUTORELEASING = YES;
				CLANG_WARN_BOOL_CONVERSION = YES;
				CLANG_WARN_COMMA = YES;
				CLANG_WARN_CONSTANT_CONVERSION = YES;
				CLANG_WARN_DEPRECATED_OBJC_IMPLEMENTATIONS = YES;
				CLANG_WARN_DIRECT_OBJC_ISA_USAGE = YES_ERROR;
				CLANG_WARN_DOCUMENTATION_COMMENTS = YES;
				CLANG_WARN_EMPTY_BODY = YES;
				CLANG_WARN_ENUM_CONVERSION = YES;
				CLANG_WARN_INFINITE_RECURSION = YES;
				CLANG_WARN_INT_CONVERSION = YES;
				CLANG_WARN_NON_LITERAL_NULL_CONVERSION = YES;
				CLANG_WARN_OBJC_IMPLICIT_RETAIN_SELF = YES;
				CLANG_WARN_OBJC_LITERAL_CONVERSION = YES;
				CLANG_WARN_OBJC_ROOT_CLASS = YES_ERROR;
				CLANG_WARN_QUOTED_INCLUDE_IN_FRAMEWORK_HEADER = YES;
				CLANG_WARN_RANGE_LOOP_ANALYSIS = YES;
				CLANG_WARN_STRICT_PROTOTYPES = YES;
				CLANG_WARN_SUSPICIOUS_MOVE = YES;
				CLANG_WARN_UNGUARDED_AVAILABILITY = YES_AGGRESSIVE;
				CLANG_WARN_UNREACHABLE_CODE = YES;
				CLANG_WARN__DUPLICATE_METHOD_MATCH = YES;
				COPY_PHASE_STRIP = NO;
				DEBUG_INFORMATION_FORMAT = dwarf;
				DEVELOPMENT_TEAM = P7MYA5Q926;
				ENABLE_STRICT_OBJC_MSGSEND = YES;
				ENABLE_TESTABILITY = YES;
				ENABLE_USER_SCRIPT_SANDBOXING = YES;
				GCC_C_LANGUAGE_STANDARD = gnu17;
				GCC_DYNAMIC_NO_PIC = NO;
				GCC_NO_COMMON_BLOCKS = YES;
				GCC_OPTIMIZATION_LEVEL = 0;
				GCC_PREPROCESSOR_DEFINITIONS = (
					"DEBUG=1",
					"$(inherited)",
				);
				GCC_WARN_64_TO_32_BIT_CONVERSION = YES;
				GCC_WARN_ABOUT_RETURN_TYPE = YES_ERROR;
				GCC_WARN_UNDECLARED_SELECTOR = YES;
				GCC_WARN_UNINITIALIZED_AUTOS = YES_AGGRESSIVE;
				GCC_WARN_UNUSED_FUNCTION = YES;
				GCC_WARN_UNUSED_VARIABLE = YES;
				IPHONEOS_DEPLOYMENT_TARGET = 17.6;
				LOCALIZATION_PREFERS_STRING_CATALOGS = YES;
				MTL_ENABLE_DEBUG_INFO = INCLUDE_SOURCE;
				MTL_FAST_MATH = YES;
				ONLY_ACTIVE_ARCH = YES;
				SDKROOT = iphoneos;
				STRING_CATALOG_GENERATE_SYMBOLS = YES;
				SWIFT_ACTIVE_COMPILATION_CONDITIONS = "DEBUG $(inherited)";
				SWIFT_APPROACHABLE_CONCURRENCY = YES;
				SWIFT_OPTIMIZATION_LEVEL = "-Onone";
				SWIFT_VERSION = 6.0;
			};
			name = Debug;
		};
		E4DD88852DB55124009E5758 /* Release */ = {
			isa = XCBuildConfiguration;
			baseConfigurationReference = E4950D4A2DB556A800D0B123 /* Config.xcconfig */;
			buildSettings = {
				ALWAYS_SEARCH_USER_PATHS = NO;
				ASSETCATALOG_COMPILER_GENERATE_SWIFT_ASSET_SYMBOL_EXTENSIONS = YES;
				CLANG_ANALYZER_NONNULL = YES;
				CLANG_ANALYZER_NUMBER_OBJECT_CONVERSION = YES_AGGRESSIVE;
				CLANG_CXX_LANGUAGE_STANDARD = "gnu++20";
				CLANG_ENABLE_MODULES = YES;
				CLANG_ENABLE_OBJC_ARC = YES;
				CLANG_ENABLE_OBJC_WEAK = YES;
				CLANG_WARN_BLOCK_CAPTURE_AUTORELEASING = YES;
				CLANG_WARN_BOOL_CONVERSION = YES;
				CLANG_WARN_COMMA = YES;
				CLANG_WARN_CONSTANT_CONVERSION = YES;
				CLANG_WARN_DEPRECATED_OBJC_IMPLEMENTATIONS = YES;
				CLANG_WARN_DIRECT_OBJC_ISA_USAGE = YES_ERROR;
				CLANG_WARN_DOCUMENTATION_COMMENTS = YES;
				CLANG_WARN_EMPTY_BODY = YES;
				CLANG_WARN_ENUM_CONVERSION = YES;
				CLANG_WARN_INFINITE_RECURSION = YES;
				CLANG_WARN_INT_CONVERSION = YES;
				CLANG_WARN_NON_LITERAL_NULL_CONVERSION = YES;
				CLANG_WARN_OBJC_IMPLICIT_RETAIN_SELF = YES;
				CLANG_WARN_OBJC_LITERAL_CONVERSION = YES;
				CLANG_WARN_OBJC_ROOT_CLASS = YES_ERROR;
				CLANG_WARN_QUOTED_INCLUDE_IN_FRAMEWORK_HEADER = YES;
				CLANG_WARN_RANGE_LOOP_ANALYSIS = YES;
				CLANG_WARN_STRICT_PROTOTYPES = YES;
				CLANG_WARN_SUSPICIOUS_MOVE = YES;
				CLANG_WARN_UNGUARDED_AVAILABILITY = YES_AGGRESSIVE;
				CLANG_WARN_UNREACHABLE_CODE = YES;
				CLANG_WARN__DUPLICATE_METHOD_MATCH = YES;
				COPY_PHASE_STRIP = NO;
				DEBUG_INFORMATION_FORMAT = "dwarf-with-dsym";
				DEVELOPMENT_TEAM = P7MYA5Q926;
				ENABLE_NS_ASSERTIONS = NO;
				ENABLE_STRICT_OBJC_MSGSEND = YES;
				ENABLE_USER_SCRIPT_SANDBOXING = YES;
				GCC_C_LANGUAGE_STANDARD = gnu17;
				GCC_NO_COMMON_BLOCKS = YES;
				GCC_WARN_64_TO_32_BIT_CONVERSION = YES;
				GCC_WARN_ABOUT_RETURN_TYPE = YES_ERROR;
				GCC_WARN_UNDECLARED_SELECTOR = YES;
				GCC_WARN_UNINITIALIZED_AUTOS = YES_AGGRESSIVE;
				GCC_WARN_UNUSED_FUNCTION = YES;
				GCC_WARN_UNUSED_VARIABLE = YES;
				IPHONEOS_DEPLOYMENT_TARGET = 17.6;
				LOCALIZATION_PREFERS_STRING_CATALOGS = YES;
				MTL_ENABLE_DEBUG_INFO = NO;
				MTL_FAST_MATH = YES;
				SDKROOT = iphoneos;
				STRING_CATALOG_GENERATE_SYMBOLS = YES;
				SWIFT_APPROACHABLE_CONCURRENCY = YES;
				SWIFT_COMPILATION_MODE = wholemodule;
				SWIFT_VERSION = 6.0;
				VALIDATE_PRODUCT = YES;
			};
			name = Release;
		};
		E4DD88872DB55124009E5758 /* Debug */ = {
			isa = XCBuildConfiguration;
			baseConfigurationReference = E4950D4A2DB556A800D0B123 /* Config.xcconfig */;
			buildSettings = {
				ASSETCATALOG_COMPILER_APPICON_NAME = AppIcon;
				ASSETCATALOG_COMPILER_GLOBAL_ACCENT_COLOR_NAME = AccentColor;
				CODE_SIGN_ENTITLEMENTS = DECODE/DECODE.entitlements;
				CODE_SIGN_IDENTITY = "Apple Development";
				CODE_SIGN_STYLE = Automatic;
				CURRENT_PROJECT_VERSION = 15;
				DEVELOPMENT_TEAM = P7MYA5Q926;
				ENABLE_PREVIEWS = YES;
				GENERATE_INFOPLIST_FILE = YES;
				INFOPLIST_FILE = DECODE/Info.plist;
				INFOPLIST_KEY_CFBundleDisplayName = DECODE;
				INFOPLIST_KEY_ITSAppUsesNonExemptEncryption = NO;
				INFOPLIST_KEY_LSApplicationCategoryType = "public.app-category.utilities";
				INFOPLIST_KEY_UIApplicationSceneManifest_Generation = YES;
				INFOPLIST_KEY_UIApplicationSupportsIndirectInputEvents = YES;
				INFOPLIST_KEY_UILaunchScreen_Generation = YES;
				INFOPLIST_KEY_UIRequiresFullScreen = YES;
				INFOPLIST_KEY_UISupportedInterfaceOrientations = "UIInterfaceOrientationLandscapeLeft UIInterfaceOrientationLandscapeRight";
				IPHONEOS_DEPLOYMENT_TARGET = 17.0;
				LD_RUNPATH_SEARCH_PATHS = (
					"$(inherited)",
					"@executable_path/Frameworks",
				);
				MARKETING_VERSION = 1.0.1;
				PRODUCT_NAME = "$(TARGET_NAME)";
				PROVISIONING_PROFILE_SPECIFIER = "";
				SUPPORTED_PLATFORMS = "iphoneos iphonesimulator";
				SUPPORTS_MACCATALYST = NO;
				SWIFT_EMIT_LOC_STRINGS = YES;
				SWIFT_VERSION = 5.0;
				TARGETED_DEVICE_FAMILY = 1;
			};
			name = Debug;
		};
		E4DD88882DB55124009E5758 /* Release */ = {
			isa = XCBuildConfiguration;
			baseConfigurationReference = E4950D4A2DB556A800D0B123 /* Config.xcconfig */;
			buildSettings = {
				ASSETCATALOG_COMPILER_APPICON_NAME = AppIcon;
				ASSETCATALOG_COMPILER_GLOBAL_ACCENT_COLOR_NAME = AccentColor;
				CODE_SIGN_ENTITLEMENTS = DECODE/DECODE.entitlements;
				CODE_SIGN_IDENTITY = "Apple Development";
				CODE_SIGN_STYLE = Automatic;
				CURRENT_PROJECT_VERSION = 15;
				DEVELOPMENT_TEAM = P7MYA5Q926;
				ENABLE_PREVIEWS = YES;
				GENERATE_INFOPLIST_FILE = YES;
				INFOPLIST_FILE = DECODE/Info.plist;
				INFOPLIST_KEY_CFBundleDisplayName = DECODE;
				INFOPLIST_KEY_ITSAppUsesNonExemptEncryption = NO;
				INFOPLIST_KEY_LSApplicationCategoryType = "public.app-category.utilities";
				INFOPLIST_KEY_UIApplicationSceneManifest_Generation = YES;
				INFOPLIST_KEY_UIApplicationSupportsIndirectInputEvents = YES;
				INFOPLIST_KEY_UILaunchScreen_Generation = YES;
				INFOPLIST_KEY_UIRequiresFullScreen = YES;
				INFOPLIST_KEY_UISupportedInterfaceOrientations = "UIInterfaceOrientationLandscapeLeft UIInterfaceOrientationLandscapeRight";
				IPHONEOS_DEPLOYMENT_TARGET = 17.0;
				LD_RUNPATH_SEARCH_PATHS = (
					"$(inherited)",
					"@executable_path/Frameworks",
				);
				MARKETING_VERSION = 1.0.1;
				PRODUCT_NAME = "$(TARGET_NAME)";
				PROVISIONING_PROFILE_SPECIFIER = "";
				SUPPORTED_PLATFORMS = "iphoneos iphonesimulator";
				SUPPORTS_MACCATALYST = NO;
				SWIFT_EMIT_LOC_STRINGS = YES;
				SWIFT_VERSION = 5.0;
				TARGETED_DEVICE_FAMILY = 1;
			};
			name = Release;
		};
/* End XCBuildConfiguration section */

/* Begin XCConfigurationList section */
		E4DD885E2DB55123009E5758 /* Build configuration list for PBXProject "DECODE" */ = {
			isa = XCConfigurationList;
			buildConfigurations = (
				E4DD88842DB55124009E5758 /* Debug */,
				E4DD88852DB55124009E5758 /* Release */,
			);
			defaultConfigurationIsVisible = 0;
			defaultConfigurationName = Release;
		};
		E4DD88862DB55124009E5758 /* Build configuration list for PBXNativeTarget "DECODE" */ = {
			isa = XCConfigurationList;
			buildConfigurations = (
				E4DD88872DB55124009E5758 /* Debug */,
				E4DD88882DB55124009E5758 /* Release */,
			);
			defaultConfigurationIsVisible = 0;
			defaultConfigurationName = Release;
		};
/* End XCConfigurationList section */

/* Begin XCRemoteSwiftPackageReference section */
		E4DD88A12DB5538F009E5758 /* XCRemoteSwiftPackageReference "NumPy-iOS" */ = {
			isa = XCRemoteSwiftPackageReference;
			repositoryURL = "https://github.com/kewlbear/NumPy-iOS.git";
			requirement = {
				branch = main;
				kind = branch;
			};
		};
		E4DD88A22DB553B7009E5758 /* XCRemoteSwiftPackageReference "PythonKit" */ = {
			isa = XCRemoteSwiftPackageReference;
			repositoryURL = "https://github.com/pvieito/PythonKit.git";
			requirement = {
				branch = master;
				kind = branch;
			};
		};
		E4DD88A32DB55463009E5758 /* XCRemoteSwiftPackageReference "aptabase-swift" */ = {
			isa = XCRemoteSwiftPackageReference;
			repositoryURL = "https://github.com/aptabase/aptabase-swift";
			requirement = {
				kind = upToNextMajorVersion;
				minimumVersion = 0.3.11;
			};
		};
		E4F7126D2E6E961C00646E84 /* XCRemoteSwiftPackageReference "swiftc" */ = {
			isa = XCRemoteSwiftPackageReference;
			repositoryURL = "https://github.com/Slingshot-20240/swiftc";
			requirement = {
				kind = versionRange;
				maximumVersion = 2.0.0;
				minimumVersion = 0.9.13;
			};
		};
/* End XCRemoteSwiftPackageReference section */

/* Begin XCSwiftPackageProductDependency section */
		E47E3CE62E6E98BE00342BFB /* SwiFTC */ = {
			isa = XCSwiftPackageProductDependency;
			package = E4F7126D2E6E961C00646E84 /* XCRemoteSwiftPackageReference "swiftc" */;
			productName = SwiFTC;
		};
		E4DD88A62DB554A9009E5758 /* NumPy-iOS */ = {
			isa = XCSwiftPackageProductDependency;
			package = E4DD88A12DB5538F009E5758 /* XCRemoteSwiftPackageReference "NumPy-iOS" */;
			productName = "NumPy-iOS";
		};
		E4DD88A82DB554A9009E5758 /* PythonKit */ = {
			isa = XCSwiftPackageProductDependency;
			package = E4DD88A22DB553B7009E5758 /* XCRemoteSwiftPackageReference "PythonKit" */;
			productName = PythonKit;
		};
		E4DD88AA2DB554A9009E5758 /* Aptabase */ = {
			isa = XCSwiftPackageProductDependency;
			package = E4DD88A32DB55463009E5758 /* XCRemoteSwiftPackageReference "aptabase-swift" */;
			productName = Aptabase;
		};
/* End XCSwiftPackageProductDependency section */
	};
	rootObject = E4DD885B2DB55123009E5758 /* Project object */;
}
